
Microsoft Visual Studio Solution File, Format Version 12.00
# Visual Studio Version 16
VisualStudioVersion = 16.0.31129.286
MinimumVisualStudioVersion = 10.0.40219.1
Project("{FAE04EC0-301F-11D3-BF4B-00C04F79EFBC}") = "Rec_Escola", "Rec_Escola\Rec_Escola.csproj", "{0EECD7C9-85B7-412E-89F2-5D5E3E701332}"
EndProject
Global
	GlobalSection(SolutionConfigurationPlatforms) = preSolution
		Debug|Any CPU = Debug|Any CPU
		Release|Any CPU = Release|Any CPU
	EndGlobalSection
	GlobalSection(ProjectConfigurationPlatforms) = postSolution
		{0EECD7C9-85B7-412E-89F2-5D5E3E701332}.Debug|Any CPU.ActiveCfg = Debug|Any CPU
		{0EECD7C9-85B7-412E-89F2-5D5E3E701332}.Debug|Any CPU.Build.0 = Debug|Any CPU
		{0EECD7C9-85B7-412E-89F2-5D5E3E701332}.Release|Any CPU.ActiveCfg = Release|Any CPU
		{0EECD7C9-85B7-412E-89F2-5D5E3E701332}.Release|Any CPU.Build.0 = Release|Any CPU
	EndGlobalSection
	GlobalSection(SolutionProperties) = preSolution
		HideSolutionNode = FALSE
	EndGlobalSection
	GlobalSection(ExtensibilityGlobals) = postSolution
		SolutionGuid = {C3EAA45F-1292-409C-ABA6-A06428C1FCA1}
	EndGlobalSection
EndGlobal
